{
  "lockfileVersion": 1,
  "configVersion": 1,
  "workspaces": {
    "": {
      "name": "playground",
      "dependencies": {
        "alchemy": "link:alchemy",
        "oxfmt": "^0.5.0",
      },
      "devDependencies": {
        "@cloudflare/workers-types": "^4.20250805.0",
        "@types/bun": "latest",
      },
      "peerDependencies": {
        "typescript": "^5.0.0",
      },
    },
  },
  "packages": {
    "@cloudflare/workers-types": ["@cloudflare/workers-types@4.20260405.1", "", {}, "sha512-PokTmySa+D6MY01R1UfYH48korsN462NK/fl3aw47Hg7XuLuSo/RTpjT0vtWaJhJoFY5tHGOBBIbDcIc8wltLg=="],

    "@oxfmt/darwin-arm64": ["@oxfmt/darwin-arm64@0.5.0", "", { "os": "darwin", "cpu": "arm64" }, "sha512-2czonKk4uwiRjNgij1ZmiX8lhMFNHE3/rT/KqMCsWw/xSiPmETDvcR9bPotDLvQHyXyAWSBZrZE6x7aWzpqFSQ=="],

    "@oxfmt/darwin-x64": ["@oxfmt/darwin-x64@0.5.0", "", { "os": "darwin", "cpu": "x64" }, "sha512-8Ne/QBPmfRCxXQF9PhqwGP6+7+x4DdxtcLv7WMNsmE2A+GZaMRYonNS6gXc28rE63p7WKBNwtF9r30mD6f18yA=="],

    "@oxfmt/linux-arm64-gnu": ["@oxfmt/linux-arm64-gnu@0.5.0", "", { "os": "linux", "cpu": "arm64" }, "sha512-qBQghpNXi6FJlEW7Og2JO43O3/XdYLMTuXO7M+vdIutWfuWDWzZZVjGXOlqYFdOgh4FhM43D0xyb06A+VbImgg=="],

    "@oxfmt/linux-arm64-musl": ["@oxfmt/linux-arm64-musl@0.5.0", "", { "os": "linux", "cpu": "arm64" }, "sha512-epwFyUfmagnnZ+VqtBtfI23tXgGTra9TlFNSAvTL+CnFrPEoyNgvuarP8a+rcz4a1jwtQcmjiglnHgmE5cQO3g=="],

    "@oxfmt/linux-x64-gnu": ["@oxfmt/linux-x64-gnu@0.5.0", "", { "os": "linux", "cpu": "x64" }, "sha512-47weEDQwidwSsi7v80UZUIrV6aJHeBbv7xAxfa26ZZW1WtqjzwFBMIeWTK8/czgkc+3d07+i4lUym4dzYVbc0w=="],

    "@oxfmt/linux-x64-musl": ["@oxfmt/linux-x64-musl@0.5.0", "", { "os": "linux", "cpu": "x64" }, "sha512-6PoHL2dQeqX9oFa+MK8toftKAXiinQkX3OaLDkkhccnFjR7juTGY49zM3N4nxFfhWpzUafPHZfx/eZqOgMUx6w=="],

    "@oxfmt/win32-arm64": ["@oxfmt/win32-arm64@0.5.0", "", { "os": "win32", "cpu": "arm64" }, "sha512-BUp6t2ah86pp182nhTpi4LIuXfijE1gEzFb8wVG/3Odxsxj5RZod6ceU2a9tTc/gQ1nBakHPjaGt667GyS+KXA=="],

    "@oxfmt/win32-x64": ["@oxfmt/win32-x64@0.5.0", "", { "os": "win32", "cpu": "x64" }, "sha512-Ii1yPu89ulgocsfH/kqO6+CLhRLuT2EtyvM7JrhoDlwvDNG89NDfVIRVpZtC24UiyQBKJFVreMTnF6GGX/wbeQ=="],

    "@types/bun": ["@types/bun@1.3.11", "", { "dependencies": { "bun-types": "1.3.11" } }, "sha512-5vPne5QvtpjGpsGYXiFyycfpDF2ECyPcTSsFBMa0fraoxiQyMJ3SmuQIGhzPg2WJuWxVBoxWJ2kClYTcw/4fAg=="],

    "@types/node": ["@types/node@25.5.2", "", { "dependencies": { "undici-types": "~7.18.0" } }, "sha512-tO4ZIRKNC+MDWV4qKVZe3Ql/woTnmHDr5JD8UI5hn2pwBrHEwOEMZK7WlNb5RKB6EoJ02gwmQS9OrjuFnZYdpg=="],

    "alchemy": ["alchemy@link:alchemy", { "bin": { "alchemy": "bin/alchemy.js" } }],

    "bun-types": ["bun-types@1.3.11", "", { "dependencies": { "@types/node": "*" } }, "sha512-1KGPpoxQWl9f6wcZh57LvrPIInQMn2TQ7jsgxqpRzg+l0QPOFvJVH7HmvHo/AiPgwXy+/Thf6Ov3EdVn1vOabg=="],

    "oxfmt": ["oxfmt@0.5.0", "", { "optionalDependencies": { "@oxfmt/darwin-arm64": "0.5.0", "@oxfmt/darwin-x64": "0.5.0", "@oxfmt/linux-arm64-gnu": "0.5.0", "@oxfmt/linux-arm64-musl": "0.5.0", "@oxfmt/linux-x64-gnu": "0.5.0", "@oxfmt/linux-x64-musl": "0.5.0", "@oxfmt/win32-arm64": "0.5.0", "@oxfmt/win32-x64": "0.5.0" }, "bin": { "oxfmt": "bin/oxfmt" } }, "sha512-nsMR1XOq/7qHjussSD/37xZMbo0ySc+h6eBMnJ9go42BCadatXqNrUIhJ5lwP9HnKcHslDAGnXy16VTTsnvrbA=="],

    "typescript": ["typescript@5.9.3", "", { "bin": { "tsc": "bin/tsc", "tsserver": "bin/tsserver" } }, "sha512-jl1vZzPDinLr9eUt3J/t7V6FgNEw9QjvBPdysz9KfQDD41fQrC2Y4vKQdiaUpFT4bXlb1RHhLpp8wtm6M5TgSw=="],

    "undici-types": ["undici-types@7.18.2", "", {}, "sha512-AsuCzffGHJybSaRrmr5eHr81mwJU3kjw6M+uprWvCXiNeN9SOGwQ3Jn8jb8m3Z6izVgknn1R0FTCEAP2QrLY/w=="],
  }
}
